
Microsoft Visual Studio Solution File, Format Version 12.00
# Visual Studio Version 16
VisualStudioVersion = 16.0.29709.97
MinimumVisualStudioVersion = 10.0.40219.1
Project("{8BC9CEB8-8B4A-11D0-8D11-00A0C91BC942}") = "D3D_DXUT", "D3D_DXUT\D3D_DXUT.vcxproj", "{5875763F-A298-4488-B5EF-F86E6DE2546D}"
EndProject
Global
	GlobalSection(SolutionConfigurationPlatforms) = preSolution
		Debug|x64 = Debug|x64
		Debug|x86 = Debug|x86
		Release|x64 = Release|x64
		Release|x86 = Release|x86
	EndGlobalSection
	GlobalSection(ProjectConfigurationPlatforms) = postSolution
		{5875763F-A298-4488-B5EF-F86E6DE2546D}.Debug|x64.ActiveCfg = Debug|x64
		{5875763F-A298-4488-B5EF-F86E6DE2546D}.Debug|x64.Build.0 = Debug|x64
		{5875763F-A298-4488-B5EF-F86E6DE2546D}.Debug|x86.ActiveCfg = Debug|Win32
		{5875763F-A298-4488-B5EF-F86E6DE2546D}.Debug|x86.Build.0 = Debug|Win32
		{5875763F-A298-4488-B5EF-F86E6DE2546D}.Release|x64.ActiveCfg = Release|x64
		{5875763F-A298-4488-B5EF-F86E6DE2546D}.Release|x64.Build.0 = Release|x64
		{5875763F-A298-4488-B5EF-F86E6DE2546D}.Release|x86.ActiveCfg = Release|Win32
		{5875763F-A298-4488-B5EF-F86E6DE2546D}.Release|x86.Build.0 = Release|Win32
	EndGlobalSection
	GlobalSection(SolutionProperties) = preSolution
		HideSolutionNode = FALSE
	EndGlobalSection
	GlobalSection(ExtensibilityGlobals) = postSolution
		SolutionGuid = {B644EF49-2C6D-4ED6-9FA2-262C3970724E}
	EndGlobalSection
EndGlobal
