<?xml version="1.0" encoding="utf-8"?>
<Project ToolsVersion="4.0" xmlns="http://schemas.microsoft.com/developer/msbuild/2003">
  <ItemGroup>
    <Filter Include="App">
      <UniqueIdentifier>{95da7aa9-51ba-49c9-aac4-d980c667ff98}</UniqueIdentifier>
    </Filter>
    <Filter Include="DXUT">
      <UniqueIdentifier>{a9f6ea1a-abc3-4d5a-8715-d74685932b8c}</UniqueIdentifier>
    </Filter>
    <Filter Include="DXUT\Arquivos de Cabeçalho">
      <UniqueIdentifier>{93995380-89BD-4b04-88EB-625FBE52EBFB}</UniqueIdentifier>
      <Extensions>h;hh;hpp;hxx;h++;hm;inl;inc;ipp;xsd</Extensions>
    </Filter>
    <Filter Include="DXUT\Arquivos de Origem">
      <UniqueIdentifier>{4FC737F1-C7A5-4376-A066-2A32D752A2FF}</UniqueIdentifier>
      <Extensions>cpp;c;cc;cxx;c++;cppm;ixx;def;odl;idl;hpj;bat;asm;asmx</Extensions>
    </Filter>
    <Filter Include="DXUT\Arquivos de Recurso">
      <UniqueIdentifier>{67DA6AB6-F800-4c08-8B7A-83BB121AAD01}</UniqueIdentifier>
      <Extensions>rc;ico;cur;bmp;dlg;rc2;rct;bin;rgs;gif;jpg;jpeg;jpe;resx;tiff;tif;png;wav;mfcribbon-ms</Extensions>
    </Filter>
    <Filter Include="App\Arquivo de Cabeçalho">
      <UniqueIdentifier>{f20d1100-c9ca-45d4-9370-b0c8418385f8}</UniqueIdentifier>
    </Filter>
    <Filter Include="App\Arquivos de Origem">
      <UniqueIdentifier>{72d519bf-031f-4754-964d-3af0fd7000c2}</UniqueIdentifier>
    </Filter>
    <Filter Include="App\Arquivos de Sombreamento">
      <UniqueIdentifier>{5f6119f0-1e6d-4476-9dfe-ee92c54c2c9c}</UniqueIdentifier>
    </Filter>
  </ItemGroup>
  <ItemGroup>
    <ClCompile Include="Engine.cpp">
      <Filter>DXUT\Arquivos de Origem</Filter>
    </ClCompile>
    <ClCompile Include="Error.cpp">
      <Filter>DXUT\Arquivos de Origem</Filter>
    </ClCompile>
    <ClCompile Include="Geometry.cpp">
      <Filter>DXUT\Arquivos de Origem</Filter>
    </ClCompile>
    <ClCompile Include="Graphics.cpp">
      <Filter>DXUT\Arquivos de Origem</Filter>
    </ClCompile>
    <ClCompile Include="Input.cpp">
      <Filter>DXUT\Arquivos de Origem</Filter>
    </ClCompile>
    <ClCompile Include="Mesh.cpp">
      <Filter>DXUT\Arquivos de Origem</Filter>
    </ClCompile>
    <ClCompile Include="Timer.cpp">
      <Filter>DXUT\Arquivos de Origem</Filter>
    </ClCompile>
    <ClCompile Include="Window.cpp">
      <Filter>DXUT\Arquivos de Origem</Filter>
    </ClCompile>
    <ClCompile Include="App.cpp">
      <Filter>DXUT\Arquivos de Origem</Filter>
    </ClCompile>
    <ClCompile Include="Hills.cpp">
      <Filter>App\Arquivos de Origem</Filter>
    </ClCompile>
  </ItemGroup>
  <ItemGroup>
    <ClInclude Include="App.h">
      <Filter>DXUT\Arquivos de Cabeçalho</Filter>
    </ClInclude>
    <ClInclude Include="DXUT.h">
      <Filter>DXUT\Arquivos de Cabeçalho</Filter>
    </ClInclude>
    <ClInclude Include="Engine.h">
      <Filter>DXUT\Arquivos de Cabeçalho</Filter>
    </ClInclude>
    <ClInclude Include="Error.h">
      <Filter>DXUT\Arquivos de Cabeçalho</Filter>
    </ClInclude>
    <ClInclude Include="Geometry.h">
      <Filter>DXUT\Arquivos de Cabeçalho</Filter>
    </ClInclude>
    <ClInclude Include="Graphics.h">
      <Filter>DXUT\Arquivos de Cabeçalho</Filter>
    </ClInclude>
    <ClInclude Include="Mesh.h">
      <Filter>DXUT\Arquivos de Cabeçalho</Filter>
    </ClInclude>
    <ClInclude Include="Resources.h">
      <Filter>DXUT\Arquivos de Cabeçalho</Filter>
    </ClInclude>
    <ClInclude Include="Input.h">
      <Filter>DXUT\Arquivos de Cabeçalho</Filter>
    </ClInclude>
    <ClInclude Include="Window.h">
      <Filter>DXUT\Arquivos de Cabeçalho</Filter>
    </ClInclude>
    <ClInclude Include="Types.h">
      <Filter>DXUT\Arquivos de Cabeçalho</Filter>
    </ClInclude>
    <ClInclude Include="Hills.h">
      <Filter>App\Arquivo de Cabeçalho</Filter>
    </ClInclude>
    <ClInclude Include="Timer.h">
      <Filter>DXUT\Arquivos de Cabeçalho</Filter>
    </ClInclude>
  </ItemGroup>
  <ItemGroup>
    <FxCompile Include="Vertex.hlsl">
      <Filter>App\Arquivos de Sombreamento</Filter>
    </FxCompile>
    <FxCompile Include="Pixel.hlsl">
      <Filter>App\Arquivos de Sombreamento</Filter>
    </FxCompile>
  </ItemGroup>
  <ItemGroup>
    <ResourceCompile Include="Resources.rc">
      <Filter>DXUT\Arquivos de Recurso</Filter>
    </ResourceCompile>
  </ItemGroup>
</Project>