<?xml version="1.0" encoding="utf-8"?>
<Project ToolsVersion="4.0" xmlns="http://schemas.microsoft.com/developer/msbuild/2003">
  <ItemGroup>
    <Filter Include="DXUT">
      <UniqueIdentifier>{da4b1554-21c1-42f3-88dd-eaac2ec99785}</UniqueIdentifier>
    </Filter>
    <Filter Include="DXUT\Arquivos de Recurso">
      <UniqueIdentifier>{67DA6AB6-F800-4c08-8B7A-83BB121AAD01}</UniqueIdentifier>
      <Extensions>rc;ico;cur;bmp;dlg;rc2;rct;bin;rgs;gif;jpg;jpeg;jpe;resx;tiff;tif;png;wav;mfcribbon-ms</Extensions>
    </Filter>
    <Filter Include="DXUT\Arquivos de Origem">
      <UniqueIdentifier>{4FC737F1-C7A5-4376-A066-2A32D752A2FF}</UniqueIdentifier>
      <Extensions>cpp;c;cc;cxx;c++;cppm;ixx;def;odl;idl;hpj;bat;asm;asmx</Extensions>
    </Filter>
    <Filter Include="DXUT\Arquivos de Cabeçalho">
      <UniqueIdentifier>{93995380-89BD-4b04-88EB-625FBE52EBFB}</UniqueIdentifier>
      <Extensions>h;hh;hpp;hxx;h++;hm;inl;inc;ipp;xsd</Extensions>
    </Filter>
    <Filter Include="App">
      <UniqueIdentifier>{ac325b7d-6344-406e-9598-182d847bbbb6}</UniqueIdentifier>
    </Filter>
    <Filter Include="App\Arquivos de Cabeçalho">
      <UniqueIdentifier>{2294557a-92e7-49cd-ba61-b3c1524144a1}</UniqueIdentifier>
    </Filter>
    <Filter Include="App\Arquivos de Origem">
      <UniqueIdentifier>{c08d1c34-66c2-43e1-868d-87f0056fd684}</UniqueIdentifier>
    </Filter>
    <Filter Include="App\Arquivos de Sombreamento">
      <UniqueIdentifier>{e9273b2d-899b-4fc5-a0e0-714b915d71f5}</UniqueIdentifier>
    </Filter>
  </ItemGroup>
  <ItemGroup>
    <ClCompile Include="App.cpp">
      <Filter>DXUT\Arquivos de Origem</Filter>
    </ClCompile>
    <ClCompile Include="Engine.cpp">
      <Filter>DXUT\Arquivos de Origem</Filter>
    </ClCompile>
    <ClCompile Include="Error.cpp">
      <Filter>DXUT\Arquivos de Origem</Filter>
    </ClCompile>
    <ClCompile Include="Graphics.cpp">
      <Filter>DXUT\Arquivos de Origem</Filter>
    </ClCompile>
    <ClCompile Include="Input.cpp">
      <Filter>DXUT\Arquivos de Origem</Filter>
    </ClCompile>
    <ClCompile Include="Mesh.cpp">
      <Filter>DXUT\Arquivos de Origem</Filter>
    </ClCompile>
    <ClCompile Include="Timer.cpp">
      <Filter>DXUT\Arquivos de Origem</Filter>
    </ClCompile>
    <ClCompile Include="Window.cpp">
      <Filter>DXUT\Arquivos de Origem</Filter>
    </ClCompile>
    <ClCompile Include="Curves.cpp">
      <Filter>App\Arquivos de Origem</Filter>
    </ClCompile>
  </ItemGroup>
  <ItemGroup>
    <ClInclude Include="App.h">
      <Filter>DXUT\Arquivos de Cabeçalho</Filter>
    </ClInclude>
    <ClInclude Include="DXUT.h">
      <Filter>DXUT\Arquivos de Cabeçalho</Filter>
    </ClInclude>
    <ClInclude Include="Engine.h">
      <Filter>DXUT\Arquivos de Cabeçalho</Filter>
    </ClInclude>
    <ClInclude Include="Error.h">
      <Filter>DXUT\Arquivos de Cabeçalho</Filter>
    </ClInclude>
    <ClInclude Include="Graphics.h">
      <Filter>DXUT\Arquivos de Cabeçalho</Filter>
    </ClInclude>
    <ClInclude Include="Input.h">
      <Filter>DXUT\Arquivos de Cabeçalho</Filter>
    </ClInclude>
    <ClInclude Include="Mesh.h">
      <Filter>DXUT\Arquivos de Cabeçalho</Filter>
    </ClInclude>
    <ClInclude Include="Resources.h">
      <Filter>DXUT\Arquivos de Cabeçalho</Filter>
    </ClInclude>
    <ClInclude Include="Timer.h">
      <Filter>DXUT\Arquivos de Cabeçalho</Filter>
    </ClInclude>
    <ClInclude Include="Types.h">
      <Filter>DXUT\Arquivos de Cabeçalho</Filter>
    </ClInclude>
    <ClInclude Include="Window.h">
      <Filter>DXUT\Arquivos de Cabeçalho</Filter>
    </ClInclude>
    <ClInclude Include="Curves.h">
      <Filter>App\Arquivos de Cabeçalho</Filter>
    </ClInclude>
  </ItemGroup>
  <ItemGroup>
    <FxCompile Include="Vertex.hlsl">
      <Filter>App\Arquivos de Sombreamento</Filter>
    </FxCompile>
    <FxCompile Include="Pixel.hlsl">
      <Filter>App\Arquivos de Sombreamento</Filter>
    </FxCompile>
  </ItemGroup>
  <ItemGroup>
    <ResourceCompile Include="Resources.rc">
      <Filter>DXUT\Arquivos de Recurso</Filter>
    </ResourceCompile>
  </ItemGroup>
</Project>